
Microsoft Visual Studio Solution File, Format Version 12.00
# Visual Studio 2017
Project("{FAE04EC0-301F-11D3-BF4B-00C04F79EFBC}") = "Tetris Neon", "Tetris Neon.csproj", "{2FF2753F-E0CA-46C6-6C92-5C4267C042F6}"
EndProject
Project("{FAE04EC0-301F-11D3-BF4B-00C04F79EFBC}") = "Tetris Neon.Editor", "Tetris Neon.Editor.csproj", "{42ECC961-DBAB-B107-62CC-945C419797D0}"
EndProject
Global
	GlobalSection(SolutionConfigurationPlatforms) = preSolution
		Debug|Any CPU = Debug|Any CPU
		Release|Any CPU = Release|Any CPU
	EndGlobalSection
	GlobalSection(ProjectConfigurationPlatforms) = postSolution
		{2FF2753F-E0CA-46C6-6C92-5C4267C042F6}.Debug|Any CPU.ActiveCfg = Debug|Any CPU
		{2FF2753F-E0CA-46C6-6C92-5C4267C042F6}.Debug|Any CPU.Build.0 = Debug|Any CPU
		{2FF2753F-E0CA-46C6-6C92-5C4267C042F6}.Release|Any CPU.ActiveCfg = Release|Any CPU
		{2FF2753F-E0CA-46C6-6C92-5C4267C042F6}.Release|Any CPU.Build.0 = Release|Any CPU
		{42ECC961-DBAB-B107-62CC-945C419797D0}.Debug|Any CPU.ActiveCfg = Debug|Any CPU
		{42ECC961-DBAB-B107-62CC-945C419797D0}.Debug|Any CPU.Build.0 = Debug|Any CPU
		{42ECC961-DBAB-B107-62CC-945C419797D0}.Release|Any CPU.ActiveCfg = Release|Any CPU
		{42ECC961-DBAB-B107-62CC-945C419797D0}.Release|Any CPU.Build.0 = Release|Any CPU
	EndGlobalSection
	GlobalSection(SolutionProperties) = preSolution
		HideSolutionNode = FALSE
	EndGlobalSection
EndGlobal
